
Microsoft Visual Studio Solution File, Format Version 12.00
# Visual Studio Version 16
VisualStudioVersion = 16.0.29709.97
MinimumVisualStudioVersion = 10.0.40219.1
Project("{FAE04EC0-301F-11D3-BF4B-00C04F79EFBC}") = "PA6_AudioBook", "PA6_AudioBook\PA6_AudioBook.csproj", "{FD71D4AD-D259-490C-B6BD-20385ECFFB5C}"
EndProject
Global
	GlobalSection(SolutionConfigurationPlatforms) = preSolution
		Debug|Any CPU = Debug|Any CPU
		Release|Any CPU = Release|Any CPU
	EndGlobalSection
	GlobalSection(ProjectConfigurationPlatforms) = postSolution
		{FD71D4AD-D259-490C-B6BD-20385ECFFB5C}.Debug|Any CPU.ActiveCfg = Debug|Any CPU
		{FD71D4AD-D259-490C-B6BD-20385ECFFB5C}.Debug|Any CPU.Build.0 = Debug|Any CPU
		{FD71D4AD-D259-490C-B6BD-20385ECFFB5C}.Release|Any CPU.ActiveCfg = Release|Any CPU
		{FD71D4AD-D259-490C-B6BD-20385ECFFB5C}.Release|Any CPU.Build.0 = Release|Any CPU
	EndGlobalSection
	GlobalSection(SolutionProperties) = preSolution
		HideSolutionNode = FALSE
	EndGlobalSection
	GlobalSection(ExtensibilityGlobals) = postSolution
		SolutionGuid = {6D30692C-5E3E-4E92-A1ED-13744F354B80}
	EndGlobalSection
EndGlobal
